<?xml version="1.0" encoding="utf-8"?>
<Project ToolsVersion="4.0" xmlns="http://schemas.microsoft.com/developer/msbuild/2003">
  <ItemGroup>
    <Filter Include="Source Files">
      <UniqueIdentifier>{4FC737F1-C7A5-4376-A066-2A32D752A2FF}</UniqueIdentifier>
      <Extensions>cpp;c;cc;cxx;c++;cppm;ixx;def;odl;idl;hpj;bat;asm;asmx</Extensions>
    </Filter>
    <Filter Include="Header Files">
      <UniqueIdentifier>{93995380-89BD-4b04-88EB-625FBE52EBFB}</UniqueIdentifier>
      <Extensions>h;hh;hpp;hxx;h++;hm;inl;inc;ipp;xsd</Extensions>
    </Filter>
    <Filter Include="Header Files\Processors">
      <UniqueIdentifier>{5a9d3727-fddf-42fc-a50a-de7693f30522}</UniqueIdentifier>
    </Filter>
    <Filter Include="Source Files\Processors">
      <UniqueIdentifier>{a0773933-7fe9-46e6-b2ec-5a5cde8d9b7f}</UniqueIdentifier>
    </Filter>
  </ItemGroup>
  <ItemGroup>
    <ClInclude Include="pch.h">
      <Filter>Header Files</Filter>
    </ClInclude>
    <ClInclude Include="blazecore.h">
      <Filter>Header Files</Filter>
    </ClInclude>
    <ClInclude Include="videoprocessor.h">
      <Filter>Header Files\Processors</Filter>
    </ClInclude>
    <ClInclude Include="javascriptprocessor.h">
      <Filter>Header Files\Processors</Filter>
    </ClInclude>
    <ClInclude Include="imageprocessor.h">
      <Filter>Header Files\Processors</Filter>
    </ClInclude>
    <ClInclude Include="cssprocessor.h">
      <Filter>Header Files\Processors</Filter>
    </ClInclude>
    <ClInclude Include="audioprocessor.h">
      <Filter>Header Files\Processors</Filter>
    </ClInclude>
  </ItemGroup>
  <ItemGroup>
    <ClCompile Include="AssemblyInfo.cpp">
      <Filter>Source Files</Filter>
    </ClCompile>
    <ClCompile Include="pch.cpp">
      <Filter>Source Files</Filter>
    </ClCompile>
    <ClCompile Include="blazecore.cpp">
      <Filter>Source Files</Filter>
    </ClCompile>
    <ClCompile Include="videoprocessor.cpp">
      <Filter>Source Files\Processors</Filter>
    </ClCompile>
    <ClCompile Include="imageprocessor.cpp">
      <Filter>Source Files\Processors</Filter>
    </ClCompile>
    <ClCompile Include="javascriptprocessor.cpp">
      <Filter>Source Files\Processors</Filter>
    </ClCompile>
    <ClCompile Include="cssprocessor.cpp">
      <Filter>Source Files\Processors</Filter>
    </ClCompile>
    <ClCompile Include="audioprocessor.cpp">
      <Filter>Source Files\Processors</Filter>
    </ClCompile>
  </ItemGroup>
  <ItemGroup>
    <None Include="packages.config" />
  </ItemGroup>
</Project>