
Microsoft Visual Studio Solution File, Format Version 12.00
# Visual Studio Version 17
VisualStudioVersion = 17.0.31521.260
MinimumVisualStudioVersion = 10.0.40219.1
Project("{2150E333-8FDC-42A3-9474-1A3956D46DE8}") = "Solution Items", "Solution Items", "{B15231F6-ACB4-4678-AEFB-B227AF24E6DC}"
	ProjectSection(SolutionItems) = preProject
		.editorconfig = .editorconfig
		.gitignore = .gitignore
		.gitmodules = .gitmodules
		LICENSE = LICENSE
		README.md = README.md
		restore_modules.sh = restore_modules.sh
	EndProjectSection
EndProject
Project("{8BC9CEB8-8B4A-11D0-8D11-00A0C91BC942}") = "Blaze", "Blaze\Blaze.vcxproj", "{11F4515E-9728-4C6E-B2A4-56BE6C06E9D8}"
	ProjectSection(ProjectDependencies) = postProject
		{AF1FB158-D6C2-4952-A313-F9A9EEEA8E82} = {AF1FB158-D6C2-4952-A313-F9A9EEEA8E82}
		{540A7EEF-9E04-44D0-9B71-5E49841EC593} = {540A7EEF-9E04-44D0-9B71-5E49841EC593}
	EndProjectSection
EndProject
Project("{2150E333-8FDC-42A3-9474-1A3956D46DE8}") = "Other", "Other", "{C971F38F-A93D-486D-B9A3-BA41E474B846}"
EndProject
Project("{9A19103F-16F7-4668-BE54-9A1E7A4F7556}") = "NUglify", "NUglify\src\NUglify\NUglify.csproj", "{AF1FB158-D6C2-4952-A313-F9A9EEEA8E82}"
EndProject
Project("{2150E333-8FDC-42A3-9474-1A3956D46DE8}") = "CMake", "CMake", "{17CCDD7B-57D9-42CF-9FF2-381DC0D75784}"
	ProjectSection(SolutionItems) = preProject
		build.cmd = build.cmd
		CMakeLists.txt = CMakeLists.txt
	EndProjectSection
EndProject
Project("{8BC9CEB8-8B4A-11D0-8D11-00A0C91BC942}") = "Blaze.NET", "Blaze.NET\Blaze.NET.vcxproj", "{368398DA-E84A-481C-A8C7-6CF9A7E19F14}"
EndProject
Project("{9A19103F-16F7-4668-BE54-9A1E7A4F7556}") = "FFMpegCore", "FFMpegCore\FFMpegCore\FFMpegCore.csproj", "{540A7EEF-9E04-44D0-9B71-5E49841EC593}"
EndProject
Project("{2150E333-8FDC-42A3-9474-1A3956D46DE8}") = "Core", "Core", "{03E7F2DC-FA77-4710-B5D0-F856DBC3C640}"
EndProject
Project("{2150E333-8FDC-42A3-9474-1A3956D46DE8}") = "Middleware", "Middleware", "{E52504F2-5F10-401A-B77E-51456826E2AB}"
EndProject
Project("{9A19103F-16F7-4668-BE54-9A1E7A4F7556}") = "Blaze.Middleware.ASP.WebAssembly", "Blaze.Middleware.ASP.WebAssembly\Blaze.Middleware.ASP.WebAssembly.csproj", "{F84F1476-F7B8-4D66-91E7-B07E92222F18}"
EndProject
Project("{9A19103F-16F7-4668-BE54-9A1E7A4F7556}") = "Blaze.Middleware.ASP.Server", "Blaze.Middleware.ASP.Server\Blaze.Middleware.ASP.Server.csproj", "{1BCFF9EF-2D48-46B3-B4F4-6659EE1931F4}"
EndProject
Global
	GlobalSection(SolutionConfigurationPlatforms) = preSolution
		Debug|ARM64 = Debug|ARM64
		Debug|x64 = Debug|x64
		Release|ARM64 = Release|ARM64
		Release|x64 = Release|x64
	EndGlobalSection
	GlobalSection(ProjectConfigurationPlatforms) = postSolution
		{11F4515E-9728-4C6E-B2A4-56BE6C06E9D8}.Debug|ARM64.ActiveCfg = Debug|ARM64
		{11F4515E-9728-4C6E-B2A4-56BE6C06E9D8}.Debug|ARM64.Build.0 = Debug|ARM64
		{11F4515E-9728-4C6E-B2A4-56BE6C06E9D8}.Debug|x64.ActiveCfg = Debug|x64
		{11F4515E-9728-4C6E-B2A4-56BE6C06E9D8}.Debug|x64.Build.0 = Debug|x64
		{11F4515E-9728-4C6E-B2A4-56BE6C06E9D8}.Release|ARM64.ActiveCfg = Release|ARM64
		{11F4515E-9728-4C6E-B2A4-56BE6C06E9D8}.Release|ARM64.Build.0 = Release|ARM64
		{11F4515E-9728-4C6E-B2A4-56BE6C06E9D8}.Release|x64.ActiveCfg = Release|x64
		{11F4515E-9728-4C6E-B2A4-56BE6C06E9D8}.Release|x64.Build.0 = Release|x64
		{AF1FB158-D6C2-4952-A313-F9A9EEEA8E82}.Debug|ARM64.ActiveCfg = Debug|Any CPU
		{AF1FB158-D6C2-4952-A313-F9A9EEEA8E82}.Debug|ARM64.Build.0 = Debug|Any CPU
		{AF1FB158-D6C2-4952-A313-F9A9EEEA8E82}.Debug|x64.ActiveCfg = Debug|Any CPU
		{AF1FB158-D6C2-4952-A313-F9A9EEEA8E82}.Debug|x64.Build.0 = Debug|Any CPU
		{AF1FB158-D6C2-4952-A313-F9A9EEEA8E82}.Release|ARM64.ActiveCfg = Release|Any CPU
		{AF1FB158-D6C2-4952-A313-F9A9EEEA8E82}.Release|ARM64.Build.0 = Release|Any CPU
		{AF1FB158-D6C2-4952-A313-F9A9EEEA8E82}.Release|x64.ActiveCfg = Release|Any CPU
		{AF1FB158-D6C2-4952-A313-F9A9EEEA8E82}.Release|x64.Build.0 = Release|Any CPU
		{368398DA-E84A-481C-A8C7-6CF9A7E19F14}.Debug|ARM64.ActiveCfg = Debug|ARM64
		{368398DA-E84A-481C-A8C7-6CF9A7E19F14}.Debug|ARM64.Build.0 = Debug|ARM64
		{368398DA-E84A-481C-A8C7-6CF9A7E19F14}.Debug|x64.ActiveCfg = Debug|x64
		{368398DA-E84A-481C-A8C7-6CF9A7E19F14}.Debug|x64.Build.0 = Debug|x64
		{368398DA-E84A-481C-A8C7-6CF9A7E19F14}.Release|ARM64.ActiveCfg = Release|ARM64
		{368398DA-E84A-481C-A8C7-6CF9A7E19F14}.Release|ARM64.Build.0 = Release|ARM64
		{368398DA-E84A-481C-A8C7-6CF9A7E19F14}.Release|x64.ActiveCfg = Release|x64
		{368398DA-E84A-481C-A8C7-6CF9A7E19F14}.Release|x64.Build.0 = Release|x64
		{540A7EEF-9E04-44D0-9B71-5E49841EC593}.Debug|ARM64.ActiveCfg = Debug|Any CPU
		{540A7EEF-9E04-44D0-9B71-5E49841EC593}.Debug|ARM64.Build.0 = Debug|Any CPU
		{540A7EEF-9E04-44D0-9B71-5E49841EC593}.Debug|x64.ActiveCfg = Debug|Any CPU
		{540A7EEF-9E04-44D0-9B71-5E49841EC593}.Debug|x64.Build.0 = Debug|Any CPU
		{540A7EEF-9E04-44D0-9B71-5E49841EC593}.Release|ARM64.ActiveCfg = Release|Any CPU
		{540A7EEF-9E04-44D0-9B71-5E49841EC593}.Release|ARM64.Build.0 = Release|Any CPU
		{540A7EEF-9E04-44D0-9B71-5E49841EC593}.Release|x64.ActiveCfg = Release|Any CPU
		{540A7EEF-9E04-44D0-9B71-5E49841EC593}.Release|x64.Build.0 = Release|Any CPU
		{F84F1476-F7B8-4D66-91E7-B07E92222F18}.Debug|ARM64.ActiveCfg = Debug|Any CPU
		{F84F1476-F7B8-4D66-91E7-B07E92222F18}.Debug|ARM64.Build.0 = Debug|Any CPU
		{F84F1476-F7B8-4D66-91E7-B07E92222F18}.Debug|x64.ActiveCfg = Debug|Any CPU
		{F84F1476-F7B8-4D66-91E7-B07E92222F18}.Debug|x64.Build.0 = Debug|Any CPU
		{F84F1476-F7B8-4D66-91E7-B07E92222F18}.Release|ARM64.ActiveCfg = Release|Any CPU
		{F84F1476-F7B8-4D66-91E7-B07E92222F18}.Release|ARM64.Build.0 = Release|Any CPU
		{F84F1476-F7B8-4D66-91E7-B07E92222F18}.Release|x64.ActiveCfg = Release|Any CPU
		{F84F1476-F7B8-4D66-91E7-B07E92222F18}.Release|x64.Build.0 = Release|Any CPU
		{1BCFF9EF-2D48-46B3-B4F4-6659EE1931F4}.Debug|ARM64.ActiveCfg = Debug|Any CPU
		{1BCFF9EF-2D48-46B3-B4F4-6659EE1931F4}.Debug|ARM64.Build.0 = Debug|Any CPU
		{1BCFF9EF-2D48-46B3-B4F4-6659EE1931F4}.Debug|x64.ActiveCfg = Debug|Any CPU
		{1BCFF9EF-2D48-46B3-B4F4-6659EE1931F4}.Debug|x64.Build.0 = Debug|Any CPU
		{1BCFF9EF-2D48-46B3-B4F4-6659EE1931F4}.Release|ARM64.ActiveCfg = Release|Any CPU
		{1BCFF9EF-2D48-46B3-B4F4-6659EE1931F4}.Release|ARM64.Build.0 = Release|Any CPU
		{1BCFF9EF-2D48-46B3-B4F4-6659EE1931F4}.Release|x64.ActiveCfg = Release|Any CPU
		{1BCFF9EF-2D48-46B3-B4F4-6659EE1931F4}.Release|x64.Build.0 = Release|Any CPU
	EndGlobalSection
	GlobalSection(SolutionProperties) = preSolution
		HideSolutionNode = FALSE
	EndGlobalSection
	GlobalSection(NestedProjects) = preSolution
		{11F4515E-9728-4C6E-B2A4-56BE6C06E9D8} = {03E7F2DC-FA77-4710-B5D0-F856DBC3C640}
		{AF1FB158-D6C2-4952-A313-F9A9EEEA8E82} = {C971F38F-A93D-486D-B9A3-BA41E474B846}
		{17CCDD7B-57D9-42CF-9FF2-381DC0D75784} = {B15231F6-ACB4-4678-AEFB-B227AF24E6DC}
		{368398DA-E84A-481C-A8C7-6CF9A7E19F14} = {03E7F2DC-FA77-4710-B5D0-F856DBC3C640}
		{540A7EEF-9E04-44D0-9B71-5E49841EC593} = {C971F38F-A93D-486D-B9A3-BA41E474B846}
		{F84F1476-F7B8-4D66-91E7-B07E92222F18} = {E52504F2-5F10-401A-B77E-51456826E2AB}
		{1BCFF9EF-2D48-46B3-B4F4-6659EE1931F4} = {E52504F2-5F10-401A-B77E-51456826E2AB}
	EndGlobalSection
	GlobalSection(ExtensibilityGlobals) = postSolution
		SolutionGuid = {8291861C-71E1-42B7-B4D7-09EA13B98CE3}
	EndGlobalSection
EndGlobal
