
Microsoft Visual Studio Solution File, Format Version 12.00
# Visual Studio Version 16
VisualStudioVersion = 16.0.29613.14
MinimumVisualStudioVersion = 10.0.40219.1
Project("{9A19103F-16F7-4668-BE54-9A1E7A4F7556}") = "Blaze.old", "Blaze.old\Blaze.old.csproj", "{165EEAA9-E982-4586-B8BE-699016C042BF}"
EndProject
Project("{2150E333-8FDC-42A3-9474-1A3956D46DE8}") = "Solution Items", "Solution Items", "{B15231F6-ACB4-4678-AEFB-B227AF24E6DC}"
	ProjectSection(SolutionItems) = preProject
		.editorconfig = .editorconfig
		.gitignore = .gitignore
		.gitmodules = .gitmodules
		Build_LibWebP.cmd = Build_LibWebP.cmd
		LICENSE = LICENSE
		README.md = README.md
	EndProjectSection
EndProject
Project("{2150E333-8FDC-42A3-9474-1A3956D46DE8}") = "Libraries", "Libraries", "{5B54C648-23E6-42A5-85EC-C31CBFC9B90D}"
EndProject
Project("{9A19103F-16F7-4668-BE54-9A1E7A4F7556}") = "BinaryStarLib", "BinaryStarLib\BinaryStarLib\BinaryStarLib.csproj", "{A016DB05-45B7-4533-A608-EBACDA9854F2}"
EndProject
Project("{9A19103F-16F7-4668-BE54-9A1E7A4F7556}") = "BinaryStarLib.Extensions", "BinaryStarLib\BinaryStarLib.Extensions\BinaryStarLib.Extensions.csproj", "{CD03DF01-E487-42E2-80A8-CA254E719DAC}"
EndProject
Project("{9A19103F-16F7-4668-BE54-9A1E7A4F7556}") = "BinaryStarLib.FileSystem", "BinaryStarLib\BinaryStarLib.FileSystem\BinaryStarLib.FileSystem.csproj", "{7489249E-F022-4300-B90D-9205D1648D5D}"
EndProject
Project("{9A19103F-16F7-4668-BE54-9A1E7A4F7556}") = "BinaryStarLib.OS", "BinaryStarLib\BinaryStarLib.OS\BinaryStarLib.OS.csproj", "{A3A4DF86-344B-4B76-A2AB-EDC8A6620D31}"
EndProject
Project("{9A19103F-16F7-4668-BE54-9A1E7A4F7556}") = "BinaryStarLib.Media", "BinaryStarLib\BinaryStarLib.Media\BinaryStarLib.Media.csproj", "{EE7F0ADA-9B53-4854-999F-210E370E0E7F}"
EndProject
Project("{9A19103F-16F7-4668-BE54-9A1E7A4F7556}") = "Blaze", "Blaze\Blaze.csproj", "{08DE9CB6-F608-47ED-A418-5A9DF482EDC2}"
EndProject
Project("{8BC9CEB8-8B4A-11D0-8D11-00A0C91BC942}") = "Blaze.NativeBridge", "Blaze.NativeBridge\Blaze.NativeBridge.vcxproj", "{AB2B45B9-C98C-41B6-84EA-2646DE92111C}"
EndProject
Global
	GlobalSection(SolutionConfigurationPlatforms) = preSolution
		Debug|Any CPU = Debug|Any CPU
		Debug|x64 = Debug|x64
		Debug|x86 = Debug|x86
		Release|Any CPU = Release|Any CPU
		Release|x64 = Release|x64
		Release|x86 = Release|x86
	EndGlobalSection
	GlobalSection(ProjectConfigurationPlatforms) = postSolution
		{165EEAA9-E982-4586-B8BE-699016C042BF}.Debug|Any CPU.ActiveCfg = Debug|Any CPU
		{165EEAA9-E982-4586-B8BE-699016C042BF}.Debug|Any CPU.Build.0 = Debug|Any CPU
		{165EEAA9-E982-4586-B8BE-699016C042BF}.Debug|x64.ActiveCfg = Debug|x64
		{165EEAA9-E982-4586-B8BE-699016C042BF}.Debug|x64.Build.0 = Debug|x64
		{165EEAA9-E982-4586-B8BE-699016C042BF}.Debug|x86.ActiveCfg = Debug|Any CPU
		{165EEAA9-E982-4586-B8BE-699016C042BF}.Debug|x86.Build.0 = Debug|Any CPU
		{165EEAA9-E982-4586-B8BE-699016C042BF}.Release|Any CPU.ActiveCfg = Release|Any CPU
		{165EEAA9-E982-4586-B8BE-699016C042BF}.Release|Any CPU.Build.0 = Release|Any CPU
		{165EEAA9-E982-4586-B8BE-699016C042BF}.Release|x64.ActiveCfg = Release|x64
		{165EEAA9-E982-4586-B8BE-699016C042BF}.Release|x64.Build.0 = Release|x64
		{165EEAA9-E982-4586-B8BE-699016C042BF}.Release|x86.ActiveCfg = Release|Any CPU
		{165EEAA9-E982-4586-B8BE-699016C042BF}.Release|x86.Build.0 = Release|Any CPU
		{A016DB05-45B7-4533-A608-EBACDA9854F2}.Debug|Any CPU.ActiveCfg = Debug|x64
		{A016DB05-45B7-4533-A608-EBACDA9854F2}.Debug|x64.ActiveCfg = Debug|x64
		{A016DB05-45B7-4533-A608-EBACDA9854F2}.Debug|x64.Build.0 = Debug|x64
		{A016DB05-45B7-4533-A608-EBACDA9854F2}.Debug|x86.ActiveCfg = Debug|x64
		{A016DB05-45B7-4533-A608-EBACDA9854F2}.Release|Any CPU.ActiveCfg = Release|x64
		{A016DB05-45B7-4533-A608-EBACDA9854F2}.Release|x64.ActiveCfg = Release|x64
		{A016DB05-45B7-4533-A608-EBACDA9854F2}.Release|x64.Build.0 = Release|x64
		{A016DB05-45B7-4533-A608-EBACDA9854F2}.Release|x86.ActiveCfg = Release|x64
		{CD03DF01-E487-42E2-80A8-CA254E719DAC}.Debug|Any CPU.ActiveCfg = Debug|Any CPU
		{CD03DF01-E487-42E2-80A8-CA254E719DAC}.Debug|Any CPU.Build.0 = Debug|Any CPU
		{CD03DF01-E487-42E2-80A8-CA254E719DAC}.Debug|x64.ActiveCfg = Debug|x64
		{CD03DF01-E487-42E2-80A8-CA254E719DAC}.Debug|x64.Build.0 = Debug|x64
		{CD03DF01-E487-42E2-80A8-CA254E719DAC}.Debug|x86.ActiveCfg = Debug|Any CPU
		{CD03DF01-E487-42E2-80A8-CA254E719DAC}.Debug|x86.Build.0 = Debug|Any CPU
		{CD03DF01-E487-42E2-80A8-CA254E719DAC}.Release|Any CPU.ActiveCfg = Release|Any CPU
		{CD03DF01-E487-42E2-80A8-CA254E719DAC}.Release|Any CPU.Build.0 = Release|Any CPU
		{CD03DF01-E487-42E2-80A8-CA254E719DAC}.Release|x64.ActiveCfg = Release|x64
		{CD03DF01-E487-42E2-80A8-CA254E719DAC}.Release|x64.Build.0 = Release|x64
		{CD03DF01-E487-42E2-80A8-CA254E719DAC}.Release|x86.ActiveCfg = Release|Any CPU
		{CD03DF01-E487-42E2-80A8-CA254E719DAC}.Release|x86.Build.0 = Release|Any CPU
		{7489249E-F022-4300-B90D-9205D1648D5D}.Debug|Any CPU.ActiveCfg = Debug|x64
		{7489249E-F022-4300-B90D-9205D1648D5D}.Debug|x64.ActiveCfg = Debug|x64
		{7489249E-F022-4300-B90D-9205D1648D5D}.Debug|x64.Build.0 = Debug|x64
		{7489249E-F022-4300-B90D-9205D1648D5D}.Debug|x86.ActiveCfg = Debug|x64
		{7489249E-F022-4300-B90D-9205D1648D5D}.Release|Any CPU.ActiveCfg = Release|x64
		{7489249E-F022-4300-B90D-9205D1648D5D}.Release|x64.ActiveCfg = Release|x64
		{7489249E-F022-4300-B90D-9205D1648D5D}.Release|x64.Build.0 = Release|x64
		{7489249E-F022-4300-B90D-9205D1648D5D}.Release|x86.ActiveCfg = Release|x64
		{A3A4DF86-344B-4B76-A2AB-EDC8A6620D31}.Debug|Any CPU.ActiveCfg = Debug|x64
		{A3A4DF86-344B-4B76-A2AB-EDC8A6620D31}.Debug|x64.ActiveCfg = Debug|x64
		{A3A4DF86-344B-4B76-A2AB-EDC8A6620D31}.Debug|x64.Build.0 = Debug|x64
		{A3A4DF86-344B-4B76-A2AB-EDC8A6620D31}.Debug|x86.ActiveCfg = Debug|x64
		{A3A4DF86-344B-4B76-A2AB-EDC8A6620D31}.Release|Any CPU.ActiveCfg = Release|x64
		{A3A4DF86-344B-4B76-A2AB-EDC8A6620D31}.Release|x64.ActiveCfg = Release|x64
		{A3A4DF86-344B-4B76-A2AB-EDC8A6620D31}.Release|x64.Build.0 = Release|x64
		{A3A4DF86-344B-4B76-A2AB-EDC8A6620D31}.Release|x86.ActiveCfg = Release|x64
		{EE7F0ADA-9B53-4854-999F-210E370E0E7F}.Debug|Any CPU.ActiveCfg = Debug|x64
		{EE7F0ADA-9B53-4854-999F-210E370E0E7F}.Debug|x64.ActiveCfg = Debug|x64
		{EE7F0ADA-9B53-4854-999F-210E370E0E7F}.Debug|x64.Build.0 = Debug|x64
		{EE7F0ADA-9B53-4854-999F-210E370E0E7F}.Debug|x86.ActiveCfg = Debug|x64
		{EE7F0ADA-9B53-4854-999F-210E370E0E7F}.Release|Any CPU.ActiveCfg = Release|x64
		{EE7F0ADA-9B53-4854-999F-210E370E0E7F}.Release|x64.ActiveCfg = Release|x64
		{EE7F0ADA-9B53-4854-999F-210E370E0E7F}.Release|x64.Build.0 = Release|x64
		{EE7F0ADA-9B53-4854-999F-210E370E0E7F}.Release|x86.ActiveCfg = Release|x64
		{08DE9CB6-F608-47ED-A418-5A9DF482EDC2}.Debug|Any CPU.ActiveCfg = Debug|Any CPU
		{08DE9CB6-F608-47ED-A418-5A9DF482EDC2}.Debug|Any CPU.Build.0 = Debug|Any CPU
		{08DE9CB6-F608-47ED-A418-5A9DF482EDC2}.Debug|x64.ActiveCfg = Debug|x64
		{08DE9CB6-F608-47ED-A418-5A9DF482EDC2}.Debug|x64.Build.0 = Debug|x64
		{08DE9CB6-F608-47ED-A418-5A9DF482EDC2}.Debug|x86.ActiveCfg = Debug|Any CPU
		{08DE9CB6-F608-47ED-A418-5A9DF482EDC2}.Debug|x86.Build.0 = Debug|Any CPU
		{08DE9CB6-F608-47ED-A418-5A9DF482EDC2}.Release|Any CPU.ActiveCfg = Release|Any CPU
		{08DE9CB6-F608-47ED-A418-5A9DF482EDC2}.Release|Any CPU.Build.0 = Release|Any CPU
		{08DE9CB6-F608-47ED-A418-5A9DF482EDC2}.Release|x64.ActiveCfg = Release|Any CPU
		{08DE9CB6-F608-47ED-A418-5A9DF482EDC2}.Release|x64.Build.0 = Release|Any CPU
		{08DE9CB6-F608-47ED-A418-5A9DF482EDC2}.Release|x86.ActiveCfg = Release|Any CPU
		{08DE9CB6-F608-47ED-A418-5A9DF482EDC2}.Release|x86.Build.0 = Release|Any CPU
		{AB2B45B9-C98C-41B6-84EA-2646DE92111C}.Debug|Any CPU.ActiveCfg = Debug|Win32
		{AB2B45B9-C98C-41B6-84EA-2646DE92111C}.Debug|x64.ActiveCfg = Debug|x64
		{AB2B45B9-C98C-41B6-84EA-2646DE92111C}.Debug|x64.Build.0 = Debug|x64
		{AB2B45B9-C98C-41B6-84EA-2646DE92111C}.Debug|x86.ActiveCfg = Debug|Win32
		{AB2B45B9-C98C-41B6-84EA-2646DE92111C}.Debug|x86.Build.0 = Debug|Win32
		{AB2B45B9-C98C-41B6-84EA-2646DE92111C}.Release|Any CPU.ActiveCfg = Release|Win32
		{AB2B45B9-C98C-41B6-84EA-2646DE92111C}.Release|x64.ActiveCfg = Release|x64
		{AB2B45B9-C98C-41B6-84EA-2646DE92111C}.Release|x64.Build.0 = Release|x64
		{AB2B45B9-C98C-41B6-84EA-2646DE92111C}.Release|x86.ActiveCfg = Release|Win32
		{AB2B45B9-C98C-41B6-84EA-2646DE92111C}.Release|x86.Build.0 = Release|Win32
	EndGlobalSection
	GlobalSection(SolutionProperties) = preSolution
		HideSolutionNode = FALSE
	EndGlobalSection
	GlobalSection(NestedProjects) = preSolution
		{A016DB05-45B7-4533-A608-EBACDA9854F2} = {5B54C648-23E6-42A5-85EC-C31CBFC9B90D}
		{CD03DF01-E487-42E2-80A8-CA254E719DAC} = {5B54C648-23E6-42A5-85EC-C31CBFC9B90D}
		{7489249E-F022-4300-B90D-9205D1648D5D} = {5B54C648-23E6-42A5-85EC-C31CBFC9B90D}
		{A3A4DF86-344B-4B76-A2AB-EDC8A6620D31} = {5B54C648-23E6-42A5-85EC-C31CBFC9B90D}
		{EE7F0ADA-9B53-4854-999F-210E370E0E7F} = {5B54C648-23E6-42A5-85EC-C31CBFC9B90D}
	EndGlobalSection
	GlobalSection(ExtensibilityGlobals) = postSolution
		SolutionGuid = {8291861C-71E1-42B7-B4D7-09EA13B98CE3}
	EndGlobalSection
EndGlobal
