
Microsoft Visual Studio Solution File, Format Version 12.00
# Visual Studio Version 16
VisualStudioVersion = 16.0.29613.14
MinimumVisualStudioVersion = 10.0.40219.1
Project("{2150E333-8FDC-42A3-9474-1A3956D46DE8}") = "Solution Items", "Solution Items", "{B15231F6-ACB4-4678-AEFB-B227AF24E6DC}"
	ProjectSection(SolutionItems) = preProject
		.editorconfig = .editorconfig
		.gitignore = .gitignore
		.gitmodules = .gitmodules
		LICENSE = LICENSE
		README.md = README.md
		restore_modules.sh = restore_modules.sh
	EndProjectSection
EndProject
Project("{8BC9CEB8-8B4A-11D0-8D11-00A0C91BC942}") = "Blaze", "Blaze\Blaze.vcxproj", "{11F4515E-9728-4C6E-B2A4-56BE6C06E9D8}"
	ProjectSection(ProjectDependencies) = postProject
		{AF1FB158-D6C2-4952-A313-F9A9EEEA8E82} = {AF1FB158-D6C2-4952-A313-F9A9EEEA8E82}
		{540A7EEF-9E04-44D0-9B71-5E49841EC593} = {540A7EEF-9E04-44D0-9B71-5E49841EC593}
	EndProjectSection
EndProject
Project("{2150E333-8FDC-42A3-9474-1A3956D46DE8}") = "Other", "Other", "{C971F38F-A93D-486D-B9A3-BA41E474B846}"
EndProject
Project("{9A19103F-16F7-4668-BE54-9A1E7A4F7556}") = "NUglify", "NUglify\src\NUglify\NUglify.csproj", "{AF1FB158-D6C2-4952-A313-F9A9EEEA8E82}"
EndProject
Project("{2150E333-8FDC-42A3-9474-1A3956D46DE8}") = "CMake", "CMake", "{17CCDD7B-57D9-42CF-9FF2-381DC0D75784}"
	ProjectSection(SolutionItems) = preProject
		build.cmd = build.cmd
		CMakeLists.txt = CMakeLists.txt
	EndProjectSection
EndProject
Project("{8BC9CEB8-8B4A-11D0-8D11-00A0C91BC942}") = "Blaze.CLR", "Blaze.CLR\Blaze.CLR.vcxproj", "{368398DA-E84A-481C-A8C7-6CF9A7E19F14}"
EndProject
Project("{9A19103F-16F7-4668-BE54-9A1E7A4F7556}") = "FFMpegCore", "FFMpegCore\FFMpegCore\FFMpegCore.csproj", "{540A7EEF-9E04-44D0-9B71-5E49841EC593}"
EndProject
Project("{2150E333-8FDC-42A3-9474-1A3956D46DE8}") = "Core", "Core", "{03E7F2DC-FA77-4710-B5D0-F856DBC3C640}"
EndProject
Project("{2150E333-8FDC-42A3-9474-1A3956D46DE8}") = "Middleware", "Middleware", "{E52504F2-5F10-401A-B77E-51456826E2AB}"
EndProject
Project("{2150E333-8FDC-42A3-9474-1A3956D46DE8}") = "ASP", "ASP", "{B37A1B0A-8ACF-441A-A0DE-990735C3B0DA}"
EndProject
Project("{FAE04EC0-301F-11D3-BF4B-00C04F79EFBC}") = "Blaze.Middleware.ASP.WebAssembly", "Blaze.Middleware.ASP.WebAssembly\Blaze.Middleware.ASP.WebAssembly.csproj", "{F84F1476-F7B8-4D66-91E7-B07E92222F18}"
EndProject
Project("{FAE04EC0-301F-11D3-BF4B-00C04F79EFBC}") = "Blaze.Middleware.ASP.Server", "Blaze.Middleware.ASP.Server\Blaze.Middleware.ASP.Server.csproj", "{1BCFF9EF-2D48-46B3-B4F4-6659EE1931F4}"
EndProject
Global
	GlobalSection(SolutionConfigurationPlatforms) = preSolution
		Debug|Any CPU = Debug|Any CPU
		Debug|x64 = Debug|x64
		Debug|x86 = Debug|x86
		MinSizeRel|Any CPU = MinSizeRel|Any CPU
		MinSizeRel|x64 = MinSizeRel|x64
		MinSizeRel|x86 = MinSizeRel|x86
		Release|Any CPU = Release|Any CPU
		Release|x64 = Release|x64
		Release|x86 = Release|x86
		RelWithDebInfo|Any CPU = RelWithDebInfo|Any CPU
		RelWithDebInfo|x64 = RelWithDebInfo|x64
		RelWithDebInfo|x86 = RelWithDebInfo|x86
	EndGlobalSection
	GlobalSection(ProjectConfigurationPlatforms) = postSolution
		{11F4515E-9728-4C6E-B2A4-56BE6C06E9D8}.Debug|Any CPU.ActiveCfg = Debug|x64
		{11F4515E-9728-4C6E-B2A4-56BE6C06E9D8}.Debug|x64.ActiveCfg = Debug|x64
		{11F4515E-9728-4C6E-B2A4-56BE6C06E9D8}.Debug|x64.Build.0 = Debug|x64
		{11F4515E-9728-4C6E-B2A4-56BE6C06E9D8}.Debug|x86.ActiveCfg = Debug|Win32
		{11F4515E-9728-4C6E-B2A4-56BE6C06E9D8}.Debug|x86.Build.0 = Debug|Win32
		{11F4515E-9728-4C6E-B2A4-56BE6C06E9D8}.MinSizeRel|Any CPU.ActiveCfg = Release|x64
		{11F4515E-9728-4C6E-B2A4-56BE6C06E9D8}.MinSizeRel|Any CPU.Build.0 = Release|x64
		{11F4515E-9728-4C6E-B2A4-56BE6C06E9D8}.MinSizeRel|x64.ActiveCfg = Release|x64
		{11F4515E-9728-4C6E-B2A4-56BE6C06E9D8}.MinSizeRel|x64.Build.0 = Release|x64
		{11F4515E-9728-4C6E-B2A4-56BE6C06E9D8}.MinSizeRel|x86.ActiveCfg = Release|Win32
		{11F4515E-9728-4C6E-B2A4-56BE6C06E9D8}.MinSizeRel|x86.Build.0 = Release|Win32
		{11F4515E-9728-4C6E-B2A4-56BE6C06E9D8}.Release|Any CPU.ActiveCfg = Release|Win32
		{11F4515E-9728-4C6E-B2A4-56BE6C06E9D8}.Release|x64.ActiveCfg = Release|x64
		{11F4515E-9728-4C6E-B2A4-56BE6C06E9D8}.Release|x64.Build.0 = Release|x64
		{11F4515E-9728-4C6E-B2A4-56BE6C06E9D8}.Release|x86.ActiveCfg = Release|Win32
		{11F4515E-9728-4C6E-B2A4-56BE6C06E9D8}.Release|x86.Build.0 = Release|Win32
		{11F4515E-9728-4C6E-B2A4-56BE6C06E9D8}.RelWithDebInfo|Any CPU.ActiveCfg = Release|x64
		{11F4515E-9728-4C6E-B2A4-56BE6C06E9D8}.RelWithDebInfo|Any CPU.Build.0 = Release|x64
		{11F4515E-9728-4C6E-B2A4-56BE6C06E9D8}.RelWithDebInfo|x64.ActiveCfg = Release|x64
		{11F4515E-9728-4C6E-B2A4-56BE6C06E9D8}.RelWithDebInfo|x64.Build.0 = Release|x64
		{11F4515E-9728-4C6E-B2A4-56BE6C06E9D8}.RelWithDebInfo|x86.ActiveCfg = Release|Win32
		{11F4515E-9728-4C6E-B2A4-56BE6C06E9D8}.RelWithDebInfo|x86.Build.0 = Release|Win32
		{AF1FB158-D6C2-4952-A313-F9A9EEEA8E82}.Debug|Any CPU.ActiveCfg = Debug|Any CPU
		{AF1FB158-D6C2-4952-A313-F9A9EEEA8E82}.Debug|Any CPU.Build.0 = Debug|Any CPU
		{AF1FB158-D6C2-4952-A313-F9A9EEEA8E82}.Debug|x64.ActiveCfg = Debug|Any CPU
		{AF1FB158-D6C2-4952-A313-F9A9EEEA8E82}.Debug|x64.Build.0 = Debug|Any CPU
		{AF1FB158-D6C2-4952-A313-F9A9EEEA8E82}.Debug|x86.ActiveCfg = Debug|Any CPU
		{AF1FB158-D6C2-4952-A313-F9A9EEEA8E82}.Debug|x86.Build.0 = Debug|Any CPU
		{AF1FB158-D6C2-4952-A313-F9A9EEEA8E82}.MinSizeRel|Any CPU.ActiveCfg = Release|Any CPU
		{AF1FB158-D6C2-4952-A313-F9A9EEEA8E82}.MinSizeRel|Any CPU.Build.0 = Release|Any CPU
		{AF1FB158-D6C2-4952-A313-F9A9EEEA8E82}.MinSizeRel|x64.ActiveCfg = Release|Any CPU
		{AF1FB158-D6C2-4952-A313-F9A9EEEA8E82}.MinSizeRel|x64.Build.0 = Release|Any CPU
		{AF1FB158-D6C2-4952-A313-F9A9EEEA8E82}.MinSizeRel|x86.ActiveCfg = Release|Any CPU
		{AF1FB158-D6C2-4952-A313-F9A9EEEA8E82}.MinSizeRel|x86.Build.0 = Release|Any CPU
		{AF1FB158-D6C2-4952-A313-F9A9EEEA8E82}.Release|Any CPU.ActiveCfg = Release|Any CPU
		{AF1FB158-D6C2-4952-A313-F9A9EEEA8E82}.Release|Any CPU.Build.0 = Release|Any CPU
		{AF1FB158-D6C2-4952-A313-F9A9EEEA8E82}.Release|x64.ActiveCfg = Release|Any CPU
		{AF1FB158-D6C2-4952-A313-F9A9EEEA8E82}.Release|x64.Build.0 = Release|Any CPU
		{AF1FB158-D6C2-4952-A313-F9A9EEEA8E82}.Release|x86.ActiveCfg = Release|Any CPU
		{AF1FB158-D6C2-4952-A313-F9A9EEEA8E82}.Release|x86.Build.0 = Release|Any CPU
		{AF1FB158-D6C2-4952-A313-F9A9EEEA8E82}.RelWithDebInfo|Any CPU.ActiveCfg = Release|Any CPU
		{AF1FB158-D6C2-4952-A313-F9A9EEEA8E82}.RelWithDebInfo|Any CPU.Build.0 = Release|Any CPU
		{AF1FB158-D6C2-4952-A313-F9A9EEEA8E82}.RelWithDebInfo|x64.ActiveCfg = Release|Any CPU
		{AF1FB158-D6C2-4952-A313-F9A9EEEA8E82}.RelWithDebInfo|x64.Build.0 = Release|Any CPU
		{AF1FB158-D6C2-4952-A313-F9A9EEEA8E82}.RelWithDebInfo|x86.ActiveCfg = Release|Any CPU
		{AF1FB158-D6C2-4952-A313-F9A9EEEA8E82}.RelWithDebInfo|x86.Build.0 = Release|Any CPU
		{368398DA-E84A-481C-A8C7-6CF9A7E19F14}.Debug|Any CPU.ActiveCfg = Debug|Win32
		{368398DA-E84A-481C-A8C7-6CF9A7E19F14}.Debug|x64.ActiveCfg = Debug|x64
		{368398DA-E84A-481C-A8C7-6CF9A7E19F14}.Debug|x64.Build.0 = Debug|x64
		{368398DA-E84A-481C-A8C7-6CF9A7E19F14}.Debug|x86.ActiveCfg = Debug|Win32
		{368398DA-E84A-481C-A8C7-6CF9A7E19F14}.Debug|x86.Build.0 = Debug|Win32
		{368398DA-E84A-481C-A8C7-6CF9A7E19F14}.MinSizeRel|Any CPU.ActiveCfg = Debug|Win32
		{368398DA-E84A-481C-A8C7-6CF9A7E19F14}.MinSizeRel|Any CPU.Build.0 = Debug|Win32
		{368398DA-E84A-481C-A8C7-6CF9A7E19F14}.MinSizeRel|x64.ActiveCfg = Debug|x64
		{368398DA-E84A-481C-A8C7-6CF9A7E19F14}.MinSizeRel|x64.Build.0 = Debug|x64
		{368398DA-E84A-481C-A8C7-6CF9A7E19F14}.MinSizeRel|x86.ActiveCfg = Debug|Win32
		{368398DA-E84A-481C-A8C7-6CF9A7E19F14}.MinSizeRel|x86.Build.0 = Debug|Win32
		{368398DA-E84A-481C-A8C7-6CF9A7E19F14}.Release|Any CPU.ActiveCfg = Release|Win32
		{368398DA-E84A-481C-A8C7-6CF9A7E19F14}.Release|x64.ActiveCfg = Release|x64
		{368398DA-E84A-481C-A8C7-6CF9A7E19F14}.Release|x64.Build.0 = Release|x64
		{368398DA-E84A-481C-A8C7-6CF9A7E19F14}.Release|x86.ActiveCfg = Release|Win32
		{368398DA-E84A-481C-A8C7-6CF9A7E19F14}.Release|x86.Build.0 = Release|Win32
		{368398DA-E84A-481C-A8C7-6CF9A7E19F14}.RelWithDebInfo|Any CPU.ActiveCfg = Debug|Win32
		{368398DA-E84A-481C-A8C7-6CF9A7E19F14}.RelWithDebInfo|Any CPU.Build.0 = Debug|Win32
		{368398DA-E84A-481C-A8C7-6CF9A7E19F14}.RelWithDebInfo|x64.ActiveCfg = Release|x64
		{368398DA-E84A-481C-A8C7-6CF9A7E19F14}.RelWithDebInfo|x64.Build.0 = Release|x64
		{368398DA-E84A-481C-A8C7-6CF9A7E19F14}.RelWithDebInfo|x86.ActiveCfg = Release|Win32
		{368398DA-E84A-481C-A8C7-6CF9A7E19F14}.RelWithDebInfo|x86.Build.0 = Release|Win32
		{540A7EEF-9E04-44D0-9B71-5E49841EC593}.Debug|Any CPU.ActiveCfg = Debug|Any CPU
		{540A7EEF-9E04-44D0-9B71-5E49841EC593}.Debug|Any CPU.Build.0 = Debug|Any CPU
		{540A7EEF-9E04-44D0-9B71-5E49841EC593}.Debug|x64.ActiveCfg = Debug|Any CPU
		{540A7EEF-9E04-44D0-9B71-5E49841EC593}.Debug|x64.Build.0 = Debug|Any CPU
		{540A7EEF-9E04-44D0-9B71-5E49841EC593}.Debug|x86.ActiveCfg = Debug|Any CPU
		{540A7EEF-9E04-44D0-9B71-5E49841EC593}.Debug|x86.Build.0 = Debug|Any CPU
		{540A7EEF-9E04-44D0-9B71-5E49841EC593}.MinSizeRel|Any CPU.ActiveCfg = Debug|Any CPU
		{540A7EEF-9E04-44D0-9B71-5E49841EC593}.MinSizeRel|Any CPU.Build.0 = Debug|Any CPU
		{540A7EEF-9E04-44D0-9B71-5E49841EC593}.MinSizeRel|x64.ActiveCfg = Debug|Any CPU
		{540A7EEF-9E04-44D0-9B71-5E49841EC593}.MinSizeRel|x64.Build.0 = Debug|Any CPU
		{540A7EEF-9E04-44D0-9B71-5E49841EC593}.MinSizeRel|x86.ActiveCfg = Debug|Any CPU
		{540A7EEF-9E04-44D0-9B71-5E49841EC593}.MinSizeRel|x86.Build.0 = Debug|Any CPU
		{540A7EEF-9E04-44D0-9B71-5E49841EC593}.Release|Any CPU.ActiveCfg = Release|Any CPU
		{540A7EEF-9E04-44D0-9B71-5E49841EC593}.Release|Any CPU.Build.0 = Release|Any CPU
		{540A7EEF-9E04-44D0-9B71-5E49841EC593}.Release|x64.ActiveCfg = Release|Any CPU
		{540A7EEF-9E04-44D0-9B71-5E49841EC593}.Release|x64.Build.0 = Release|Any CPU
		{540A7EEF-9E04-44D0-9B71-5E49841EC593}.Release|x86.ActiveCfg = Release|Any CPU
		{540A7EEF-9E04-44D0-9B71-5E49841EC593}.Release|x86.Build.0 = Release|Any CPU
		{540A7EEF-9E04-44D0-9B71-5E49841EC593}.RelWithDebInfo|Any CPU.ActiveCfg = Release|Any CPU
		{540A7EEF-9E04-44D0-9B71-5E49841EC593}.RelWithDebInfo|Any CPU.Build.0 = Release|Any CPU
		{540A7EEF-9E04-44D0-9B71-5E49841EC593}.RelWithDebInfo|x64.ActiveCfg = Release|Any CPU
		{540A7EEF-9E04-44D0-9B71-5E49841EC593}.RelWithDebInfo|x64.Build.0 = Release|Any CPU
		{540A7EEF-9E04-44D0-9B71-5E49841EC593}.RelWithDebInfo|x86.ActiveCfg = Release|Any CPU
		{540A7EEF-9E04-44D0-9B71-5E49841EC593}.RelWithDebInfo|x86.Build.0 = Release|Any CPU
		{F84F1476-F7B8-4D66-91E7-B07E92222F18}.Debug|Any CPU.ActiveCfg = Debug|Any CPU
		{F84F1476-F7B8-4D66-91E7-B07E92222F18}.Debug|Any CPU.Build.0 = Debug|Any CPU
		{F84F1476-F7B8-4D66-91E7-B07E92222F18}.Debug|x64.ActiveCfg = Debug|Any CPU
		{F84F1476-F7B8-4D66-91E7-B07E92222F18}.Debug|x64.Build.0 = Debug|Any CPU
		{F84F1476-F7B8-4D66-91E7-B07E92222F18}.Debug|x86.ActiveCfg = Debug|Any CPU
		{F84F1476-F7B8-4D66-91E7-B07E92222F18}.Debug|x86.Build.0 = Debug|Any CPU
		{F84F1476-F7B8-4D66-91E7-B07E92222F18}.MinSizeRel|Any CPU.ActiveCfg = Debug|Any CPU
		{F84F1476-F7B8-4D66-91E7-B07E92222F18}.MinSizeRel|Any CPU.Build.0 = Debug|Any CPU
		{F84F1476-F7B8-4D66-91E7-B07E92222F18}.MinSizeRel|x64.ActiveCfg = Debug|Any CPU
		{F84F1476-F7B8-4D66-91E7-B07E92222F18}.MinSizeRel|x64.Build.0 = Debug|Any CPU
		{F84F1476-F7B8-4D66-91E7-B07E92222F18}.MinSizeRel|x86.ActiveCfg = Debug|Any CPU
		{F84F1476-F7B8-4D66-91E7-B07E92222F18}.MinSizeRel|x86.Build.0 = Debug|Any CPU
		{F84F1476-F7B8-4D66-91E7-B07E92222F18}.Release|Any CPU.ActiveCfg = Release|Any CPU
		{F84F1476-F7B8-4D66-91E7-B07E92222F18}.Release|Any CPU.Build.0 = Release|Any CPU
		{F84F1476-F7B8-4D66-91E7-B07E92222F18}.Release|x64.ActiveCfg = Release|Any CPU
		{F84F1476-F7B8-4D66-91E7-B07E92222F18}.Release|x64.Build.0 = Release|Any CPU
		{F84F1476-F7B8-4D66-91E7-B07E92222F18}.Release|x86.ActiveCfg = Release|Any CPU
		{F84F1476-F7B8-4D66-91E7-B07E92222F18}.Release|x86.Build.0 = Release|Any CPU
		{F84F1476-F7B8-4D66-91E7-B07E92222F18}.RelWithDebInfo|Any CPU.ActiveCfg = Release|Any CPU
		{F84F1476-F7B8-4D66-91E7-B07E92222F18}.RelWithDebInfo|Any CPU.Build.0 = Release|Any CPU
		{F84F1476-F7B8-4D66-91E7-B07E92222F18}.RelWithDebInfo|x64.ActiveCfg = Release|Any CPU
		{F84F1476-F7B8-4D66-91E7-B07E92222F18}.RelWithDebInfo|x64.Build.0 = Release|Any CPU
		{F84F1476-F7B8-4D66-91E7-B07E92222F18}.RelWithDebInfo|x86.ActiveCfg = Release|Any CPU
		{F84F1476-F7B8-4D66-91E7-B07E92222F18}.RelWithDebInfo|x86.Build.0 = Release|Any CPU
		{1BCFF9EF-2D48-46B3-B4F4-6659EE1931F4}.Debug|Any CPU.ActiveCfg = Debug|Any CPU
		{1BCFF9EF-2D48-46B3-B4F4-6659EE1931F4}.Debug|Any CPU.Build.0 = Debug|Any CPU
		{1BCFF9EF-2D48-46B3-B4F4-6659EE1931F4}.Debug|x64.ActiveCfg = Debug|Any CPU
		{1BCFF9EF-2D48-46B3-B4F4-6659EE1931F4}.Debug|x64.Build.0 = Debug|Any CPU
		{1BCFF9EF-2D48-46B3-B4F4-6659EE1931F4}.Debug|x86.ActiveCfg = Debug|Any CPU
		{1BCFF9EF-2D48-46B3-B4F4-6659EE1931F4}.Debug|x86.Build.0 = Debug|Any CPU
		{1BCFF9EF-2D48-46B3-B4F4-6659EE1931F4}.MinSizeRel|Any CPU.ActiveCfg = Debug|Any CPU
		{1BCFF9EF-2D48-46B3-B4F4-6659EE1931F4}.MinSizeRel|Any CPU.Build.0 = Debug|Any CPU
		{1BCFF9EF-2D48-46B3-B4F4-6659EE1931F4}.MinSizeRel|x64.ActiveCfg = Debug|Any CPU
		{1BCFF9EF-2D48-46B3-B4F4-6659EE1931F4}.MinSizeRel|x64.Build.0 = Debug|Any CPU
		{1BCFF9EF-2D48-46B3-B4F4-6659EE1931F4}.MinSizeRel|x86.ActiveCfg = Debug|Any CPU
		{1BCFF9EF-2D48-46B3-B4F4-6659EE1931F4}.MinSizeRel|x86.Build.0 = Debug|Any CPU
		{1BCFF9EF-2D48-46B3-B4F4-6659EE1931F4}.Release|Any CPU.ActiveCfg = Release|Any CPU
		{1BCFF9EF-2D48-46B3-B4F4-6659EE1931F4}.Release|Any CPU.Build.0 = Release|Any CPU
		{1BCFF9EF-2D48-46B3-B4F4-6659EE1931F4}.Release|x64.ActiveCfg = Release|Any CPU
		{1BCFF9EF-2D48-46B3-B4F4-6659EE1931F4}.Release|x64.Build.0 = Release|Any CPU
		{1BCFF9EF-2D48-46B3-B4F4-6659EE1931F4}.Release|x86.ActiveCfg = Release|Any CPU
		{1BCFF9EF-2D48-46B3-B4F4-6659EE1931F4}.Release|x86.Build.0 = Release|Any CPU
		{1BCFF9EF-2D48-46B3-B4F4-6659EE1931F4}.RelWithDebInfo|Any CPU.ActiveCfg = Release|Any CPU
		{1BCFF9EF-2D48-46B3-B4F4-6659EE1931F4}.RelWithDebInfo|Any CPU.Build.0 = Release|Any CPU
		{1BCFF9EF-2D48-46B3-B4F4-6659EE1931F4}.RelWithDebInfo|x64.ActiveCfg = Release|Any CPU
		{1BCFF9EF-2D48-46B3-B4F4-6659EE1931F4}.RelWithDebInfo|x64.Build.0 = Release|Any CPU
		{1BCFF9EF-2D48-46B3-B4F4-6659EE1931F4}.RelWithDebInfo|x86.ActiveCfg = Release|Any CPU
		{1BCFF9EF-2D48-46B3-B4F4-6659EE1931F4}.RelWithDebInfo|x86.Build.0 = Release|Any CPU
	EndGlobalSection
	GlobalSection(SolutionProperties) = preSolution
		HideSolutionNode = FALSE
	EndGlobalSection
	GlobalSection(NestedProjects) = preSolution
		{11F4515E-9728-4C6E-B2A4-56BE6C06E9D8} = {03E7F2DC-FA77-4710-B5D0-F856DBC3C640}
		{AF1FB158-D6C2-4952-A313-F9A9EEEA8E82} = {C971F38F-A93D-486D-B9A3-BA41E474B846}
		{17CCDD7B-57D9-42CF-9FF2-381DC0D75784} = {B15231F6-ACB4-4678-AEFB-B227AF24E6DC}
		{368398DA-E84A-481C-A8C7-6CF9A7E19F14} = {03E7F2DC-FA77-4710-B5D0-F856DBC3C640}
		{540A7EEF-9E04-44D0-9B71-5E49841EC593} = {C971F38F-A93D-486D-B9A3-BA41E474B846}
		{B37A1B0A-8ACF-441A-A0DE-990735C3B0DA} = {E52504F2-5F10-401A-B77E-51456826E2AB}
		{F84F1476-F7B8-4D66-91E7-B07E92222F18} = {B37A1B0A-8ACF-441A-A0DE-990735C3B0DA}
		{1BCFF9EF-2D48-46B3-B4F4-6659EE1931F4} = {B37A1B0A-8ACF-441A-A0DE-990735C3B0DA}
	EndGlobalSection
	GlobalSection(ExtensibilityGlobals) = postSolution
		SolutionGuid = {8291861C-71E1-42B7-B4D7-09EA13B98CE3}
	EndGlobalSection
EndGlobal
